
Microsoft Visual Studio Solution File, Format Version 12.00
# Visual Studio Version 16
VisualStudioVersion = 16.0.28803.202
MinimumVisualStudioVersion = 10.0.40219.1
Project("{FAE04EC0-301F-11D3-BF4B-00C04F79EFBC}") = "MagazineAPP", "MagazineAPP\MagazineAPP.csproj", "{3C46EB84-65B5-496B-B89F-E7D4F911AC3E}"
EndProject
Global
	GlobalSection(SolutionConfigurationPlatforms) = preSolution
		Debug|Any CPU = Debug|Any CPU
		Release|Any CPU = Release|Any CPU
	EndGlobalSection
	GlobalSection(ProjectConfigurationPlatforms) = postSolution
		{3C46EB84-65B5-496B-B89F-E7D4F911AC3E}.Debug|Any CPU.ActiveCfg = Debug|Any CPU
		{3C46EB84-65B5-496B-B89F-E7D4F911AC3E}.Debug|Any CPU.Build.0 = Debug|Any CPU
		{3C46EB84-65B5-496B-B89F-E7D4F911AC3E}.Release|Any CPU.ActiveCfg = Release|Any CPU
		{3C46EB84-65B5-496B-B89F-E7D4F911AC3E}.Release|Any CPU.Build.0 = Release|Any CPU
	EndGlobalSection
	GlobalSection(SolutionProperties) = preSolution
		HideSolutionNode = FALSE
	EndGlobalSection
	GlobalSection(ExtensibilityGlobals) = postSolution
		SolutionGuid = {FBEAE93E-DADD-45D3-BCDB-61B65C7A2420}
	EndGlobalSection
EndGlobal
